
Microsoft Visual Studio Solution File, Format Version 12.00
# Visual Studio 15
VisualStudioVersion = 15.0.28307.1259
MinimumVisualStudioVersion = 10.0.40219.1
Project("{FAE04EC0-301F-11D3-BF4B-00C04F79EFBC}") = "FSWDFinalProject.UI.MVC", "..\FSWDFinalProject.UI.MVC\FSWDFinalProject.UI.MVC.csproj", "{66D31FD7-1C20-40BA-8222-E1CB3FEB94BB}"
EndProject
Global
	GlobalSection(SolutionConfigurationPlatforms) = preSolution
		Debug|Any CPU = Debug|Any CPU
		Release|Any CPU = Release|Any CPU
	EndGlobalSection
	GlobalSection(ProjectConfigurationPlatforms) = postSolution
		{66D31FD7-1C20-40BA-8222-E1CB3FEB94BB}.Debug|Any CPU.ActiveCfg = Debug|Any CPU
		{66D31FD7-1C20-40BA-8222-E1CB3FEB94BB}.Debug|Any CPU.Build.0 = Debug|Any CPU
		{66D31FD7-1C20-40BA-8222-E1CB3FEB94BB}.Release|Any CPU.ActiveCfg = Release|Any CPU
		{66D31FD7-1C20-40BA-8222-E1CB3FEB94BB}.Release|Any CPU.Build.0 = Release|Any CPU
	EndGlobalSection
	GlobalSection(SolutionProperties) = preSolution
		HideSolutionNode = FALSE
	EndGlobalSection
	GlobalSection(ExtensibilityGlobals) = postSolution
		SolutionGuid = {23637C10-E48C-4238-9901-98BFB82FDACE}
	EndGlobalSection
EndGlobal
